
Microsoft Visual Studio Solution File, Format Version 12.00
# Visual Studio Version 16
VisualStudioVersion = 16.0.30611.23
MinimumVisualStudioVersion = 10.0.40219.1
Project("{FAE04EC0-301F-11D3-BF4B-00C04F79EFBC}") = "targilHome", "targilHome\targilHome.csproj", "{50A5CCFA-B194-4393-B3CF-33CBFC2D460F}"
EndProject
Global
	GlobalSection(SolutionConfigurationPlatforms) = preSolution
		Debug|Any CPU = Debug|Any CPU
		Release|Any CPU = Release|Any CPU
	EndGlobalSection
	GlobalSection(ProjectConfigurationPlatforms) = postSolution
		{50A5CCFA-B194-4393-B3CF-33CBFC2D460F}.Debug|Any CPU.ActiveCfg = Debug|Any CPU
		{50A5CCFA-B194-4393-B3CF-33CBFC2D460F}.Debug|Any CPU.Build.0 = Debug|Any CPU
		{50A5CCFA-B194-4393-B3CF-33CBFC2D460F}.Release|Any CPU.ActiveCfg = Release|Any CPU
		{50A5CCFA-B194-4393-B3CF-33CBFC2D460F}.Release|Any CPU.Build.0 = Release|Any CPU
	EndGlobalSection
	GlobalSection(SolutionProperties) = preSolution
		HideSolutionNode = FALSE
	EndGlobalSection
	GlobalSection(ExtensibilityGlobals) = postSolution
		SolutionGuid = {FB0728D0-16DE-4671-8150-6F334B0B51BA}
	EndGlobalSection
EndGlobal
